// !$*UTF8*$!
{
	archiveVersion = 1;
	classes = {
	};
	objectVersion = 46;
	objects = {

/* Begin PBXBuildFile section */
		43CD36721D980FEB004D4887 /* AppDelegate.swift in Sources */ = {isa = PBXBuildFile; fileRef = 43CD36711D980FEB004D4887 /* AppDelegate.swift */; };
		43CD36741D980FEB004D4887 /* ViewController.swift in Sources */ = {isa = PBXBuildFile; fileRef = 43CD36731D980FEB004D4887 /* ViewController.swift */; };
		43CD36771D980FEB004D4887 /* Main.storyboard in Resources */ = {isa = PBXBuildFile; fileRef = 43CD36751D980FEB004D4887 /* Main.storyboard */; };
		43CD36791D980FEB004D4887 /* Assets.xcassets in Resources */ = {isa = PBXBuildFile; fileRef = 43CD36781D980FEB004D4887 /* Assets.xcassets */; };
		43CD367C1D980FEB004D4887 /* LaunchScreen.storyboard in Resources */ = {isa = PBXBuildFile; fileRef = 43CD367A1D980FEB004D4887 /* LaunchScreen.storyboard */; };
		43CD36871D980FEB004D4887 /* GuessTheNumberTests.swift in Sources */ = {isa = PBXBuildFile; fileRef = 43CD36861D980FEB004D4887 /* GuessTheNumberTests.swift */; };
		43CD36921D980FEB004D4887 /* GuessTheNumberUITests.swift in Sources */ = {isa = PBXBuildFile; fileRef = 43CD36911D980FEB004D4887 /* GuessTheNumberUITests.swift */; };
/* End PBXBuildFile section */

/* Begin PBXContainerItemProxy section */
		43CD36831D980FEB004D4887 /* PBXContainerItemProxy */ = {
			isa = PBXContainerItemProxy;
			containerPortal = 43CD36661D980FEB004D4887 /* Project object */;
			proxyType = 1;
			remoteGlobalIDString = 43CD366D1D980FEB004D4887;
			remoteInfo = GuessTheNumber;
		};
		43CD368E1D980FEB004D4887 /* PBXContainerItemProxy */ = {
			isa = PBXContainerItemProxy;
			containerPortal = 43CD36661D980FEB004D4887 /* Project object */;
			proxyType = 1;
			remoteGlobalIDString = 43CD366D1D980FEB004D4887;
			remoteInfo = GuessTheNumber;
		};
/* End PBXContainerItemProxy section */

/* Begin PBXFileReference section */
		43CD366E1D980FEB004D4887 /* GuessTheNumber.app */ = {isa = PBXFileReference; explicitFileType = wrapper.application; includeInIndex = 0; path = GuessTheNumber.app; sourceTree = BUILT_PRODUCTS_DIR; };
		43CD36711D980FEB004D4887 /* AppDelegate.swift */ = {isa = PBXFileReference; lastKnownFileType = sourcecode.swift; path = AppDelegate.swift; sourceTree = "<group>"; };
		43CD36731D980FEB004D4887 /* ViewController.swift */ = {isa = PBXFileReference; lastKnownFileType = sourcecode.swift; path = ViewController.swift; sourceTree = "<group>"; };
		43CD36761D980FEB004D4887 /* Base */ = {isa = PBXFileReference; lastKnownFileType = file.storyboard; name = Base; path = Base.lproj/Main.storyboard; sourceTree = "<group>"; };
		43CD36781D980FEB004D4887 /* Assets.xcassets */ = {isa = PBXFileReference; lastKnownFileType = folder.assetcatalog; path = Assets.xcassets; sourceTree = "<group>"; };
		43CD367B1D980FEB004D4887 /* Base */ = {isa = PBXFileReference; lastKnownFileType = file.storyboard; name = Base; path = Base.lproj/LaunchScreen.storyboard; sourceTree = "<group>"; };
		43CD367D1D980FEB004D4887 /* Info.plist */ = {isa = PBXFileReference; lastKnownFileType = text.plist.xml; path = Info.plist; sourceTree = "<group>"; };
		43CD36821D980FEB004D4887 /* GuessTheNumberTests.xctest */ = {isa = PBXFileReference; explicitFileType = wrapper.cfbundle; includeInIndex = 0; path = GuessTheNumberTests.xctest; sourceTree = BUILT_PRODUCTS_DIR; };
		43CD36861D980FEB004D4887 /* GuessTheNumberTests.swift */ = {isa = PBXFileReference; lastKnownFileType = sourcecode.swift; path = GuessTheNumberTests.swift; sourceTree = "<group>"; };
		43CD36881D980FEB004D4887 /* Info.plist */ = {isa = PBXFileReference; lastKnownFileType = text.plist.xml; path = Info.plist; sourceTree = "<group>"; };
		43CD368D1D980FEB004D4887 /* GuessTheNumberUITests.xctest */ = {isa = PBXFileReference; explicitFileType = wrapper.cfbundle; includeInIndex = 0; path = GuessTheNumberUITests.xctest; sourceTree = BUILT_PRODUCTS_DIR; };
		43CD36911D980FEB004D4887 /* GuessTheNumberUITests.swift */ = {isa = PBXFileReference; lastKnownFileType = sourcecode.swift; path = GuessTheNumberUITests.swift; sourceTree = "<group>"; };
		43CD36931D980FEB004D4887 /* Info.plist */ = {isa = PBXFileReference; lastKnownFileType = text.plist.xml; path = Info.plist; sourceTree = "<group>"; };
/* End PBXFileReference section */

/* Begin PBXFrameworksBuildPhase section */
		43CD366B1D980FEB004D4887 /* Frameworks */ = {
			isa = PBXFrameworksBuildPhase;
			buildActionMask = 2147483647;
			files = (
			);
			runOnlyForDeploymentPostprocessing = 0;
		};
		43CD367F1D980FEB004D4887 /* Frameworks */ = {
			isa = PBXFrameworksBuildPhase;
			buildActionMask = 2147483647;
			files = (
			);
			runOnlyForDeploymentPostprocessing = 0;
		};
		43CD368A1D980FEB004D4887 /* Frameworks */ = {
			isa = PBXFrameworksBuildPhase;
			buildActionMask = 2147483647;
			files = (
			);
			runOnlyForDeploymentPostprocessing = 0;
		};
/* End PBXFrameworksBuildPhase section */

/* Begin PBXGroup section */
		43CD36651D980FEB004D4887 = {
			isa = PBXGroup;
			children = (
				43CD36701D980FEB004D4887 /* GuessTheNumber */,
				43CD36851D980FEB004D4887 /* GuessTheNumberTests */,
				43CD36901D980FEB004D4887 /* GuessTheNumberUITests */,
				43CD366F1D980FEB004D4887 /* Products */,
			);
			sourceTree = "<group>";
		};
		43CD366F1D980FEB004D4887 /* Products */ = {
			isa = PBXGroup;
			children = (
				43CD366E1D980FEB004D4887 /* GuessTheNumber.app */,
				43CD36821D980FEB004D4887 /* GuessTheNumberTests.xctest */,
				43CD368D1D980FEB004D4887 /* GuessTheNumberUITests.xctest */,
			);
			name = Products;
			sourceTree = "<group>";
		};
		43CD36701D980FEB004D4887 /* GuessTheNumber */ = {
			isa = PBXGroup;
			children = (
				43CD36711D980FEB004D4887 /* AppDelegate.swift */,
				43CD36731D980FEB004D4887 /* ViewController.swift */,
				43CD36751D980FEB004D4887 /* Main.storyboard */,
				43CD36781D980FEB004D4887 /* Assets.xcassets */,
				43CD367A1D980FEB004D4887 /* LaunchScreen.storyboard */,
				43CD367D1D980FEB004D4887 /* Info.plist */,
			);
			path = GuessTheNumber;
			sourceTree = "<group>";
		};
		43CD36851D980FEB004D4887 /* GuessTheNumberTests */ = {
			isa = PBXGroup;
			children = (
				43CD36861D980FEB004D4887 /* GuessTheNumberTests.swift */,
				43CD36881D980FEB004D4887 /* Info.plist */,
			);
			path = GuessTheNumberTests;
			sourceTree = "<group>";
		};
		43CD36901D980FEB004D4887 /* GuessTheNumberUITests */ = {
			isa = PBXGroup;
			children = (
				43CD36911D980FEB004D4887 /* GuessTheNumberUITests.swift */,
				43CD36931D980FEB004D4887 /* Info.plist */,
			);
			path = GuessTheNumberUITests;
			sourceTree = "<group>";
		};
/* End PBXGroup section */

/* Begin PBXNativeTarget section */
		43CD366D1D980FEB004D4887 /* GuessTheNumber */ = {
			isa = PBXNativeTarget;
			buildConfigurationList = 43CD36961D980FEB004D4887 /* Build configuration list for PBXNativeTarget "GuessTheNumber" */;
			buildPhases = (
				43CD366A1D980FEB004D4887 /* Sources */,
				43CD366B1D980FEB004D4887 /* Frameworks */,
				43CD366C1D980FEB004D4887 /* Resources */,
			);
			buildRules = (
			);
			dependencies = (
			);
			name = GuessTheNumber;
			productName = GuessTheNumber;
			productReference = 43CD366E1D980FEB004D4887 /* GuessTheNumber.app */;
			productType = "com.apple.product-type.application";
		};
		43CD36811D980FEB004D4887 /* GuessTheNumberTests */ = {
			isa = PBXNativeTarget;
			buildConfigurationList = 43CD36991D980FEB004D4887 /* Build configuration list for PBXNativeTarget "GuessTheNumberTests" */;
			buildPhases = (
				43CD367E1D980FEB004D4887 /* Sources */,
				43CD367F1D980FEB004D4887 /* Frameworks */,
				43CD36801D980FEB004D4887 /* Resources */,
			);
			buildRules = (
			);
			dependencies = (
				43CD36841D980FEB004D4887 /* PBXTargetDependency */,
			);
			name = GuessTheNumberTests;
			productName = GuessTheNumberTests;
			productReference = 43CD36821D980FEB004D4887 /* GuessTheNumberTests.xctest */;
			productType = "com.apple.product-type.bundle.unit-test";
		};
		43CD368C1D980FEB004D4887 /* GuessTheNumberUITests */ = {
			isa = PBXNativeTarget;
			buildConfigurationList = 43CD369C1D980FEB004D4887 /* Build configuration list for PBXNativeTarget "GuessTheNumberUITests" */;
			buildPhases = (
				43CD36891D980FEB004D4887 /* Sources */,
				43CD368A1D980FEB004D4887 /* Frameworks */,
				43CD368B1D980FEB004D4887 /* Resources */,
			);
			buildRules = (
			);
			dependencies = (
				43CD368F1D980FEB004D4887 /* PBXTargetDependency */,
			);
			name = GuessTheNumberUITests;
			productName = GuessTheNumberUITests;
			productReference = 43CD368D1D980FEB004D4887 /* GuessTheNumberUITests.xctest */;
			productType = "com.apple.product-type.bundle.ui-testing";
		};
/* End PBXNativeTarget section */

/* Begin PBXProject section */
		43CD36661D980FEB004D4887 /* Project object */ = {
			isa = PBXProject;
			attributes = {
				LastSwiftUpdateCheck = 0730;
				LastUpgradeCheck = 0730;
				ORGANIZATIONNAME = "Benjamin Dant";
				TargetAttributes = {
					43CD366D1D980FEB004D4887 = {
						CreatedOnToolsVersion = 7.3.1;
					};
					43CD36811D980FEB004D4887 = {
						CreatedOnToolsVersion = 7.3.1;
						TestTargetID = 43CD366D1D980FEB004D4887;
					};
					43CD368C1D980FEB004D4887 = {
						CreatedOnToolsVersion = 7.3.1;
						TestTargetID = 43CD366D1D980FEB004D4887;
					};
				};
			};
			buildConfigurationList = 43CD36691D980FEB004D4887 /* Build configuration list for PBXProject "GuessTheNumber" */;
			compatibilityVersion = "Xcode 3.2";
			developmentRegion = English;
			hasScannedForEncodings = 0;
			knownRegions = (
				en,
				Base,
			);
			mainGroup = 43CD36651D980FEB004D4887;
			productRefGroup = 43CD366F1D980FEB004D4887 /* Products */;
			projectDirPath = "";
			projectRoot = "";
			targets = (
				43CD366D1D980FEB004D4887 /* GuessTheNumber */,
				43CD36811D980FEB004D4887 /* GuessTheNumberTests */,
				43CD368C1D980FEB004D4887 /* GuessTheNumberUITests */,
			);
		};
/* End PBXProject section */

/* Begin PBXResourcesBuildPhase section */
		43CD366C1D980FEB004D4887 /* Resources */ = {
			isa = PBXResourcesBuildPhase;
			buildActionMask = 2147483647;
			files = (
				43CD367C1D980FEB004D4887 /* LaunchScreen.storyboard in Resources */,
				43CD36791D980FEB004D4887 /* Assets.xcassets in Resources */,
				43CD36771D980FEB004D4887 /* Main.storyboard in Resources */,
			);
			runOnlyForDeploymentPostprocessing = 0;
		};
		43CD36801D980FEB004D4887 /* Resources */ = {
			isa = PBXResourcesBuildPhase;
			buildActionMask = 2147483647;
			files = (
			);
			runOnlyForDeploymentPostprocessing = 0;
		};
		43CD368B1D980FEB004D4887 /* Resources */ = {
			isa = PBXResourcesBuildPhase;
			buildActionMask = 2147483647;
			files = (
			);
			runOnlyForDeploymentPostprocessing = 0;
		};
/* End PBXResourcesBuildPhase section */

/* Begin PBXSourcesBuildPhase section */
		43CD366A1D980FEB004D4887 /* Sources */ = {
			isa = PBXSourcesBuildPhase;
			buildActionMask = 2147483647;
			files = (
				43CD36741D980FEB004D4887 /* ViewController.swift in Sources */,
				43CD36721D980FEB004D4887 /* AppDelegate.swift in Sources */,
			);
			runOnlyForDeploymentPostprocessing = 0;
		};
		43CD367E1D980FEB004D4887 /* Sources */ = {
			isa = PBXSourcesBuildPhase;
			buildActionMask = 2147483647;
			files = (
				43CD36871D980FEB004D4887 /* GuessTheNumberTests.swift in Sources */,
			);
			runOnlyForDeploymentPostprocessing = 0;
		};
		43CD36891D980FEB004D4887 /* Sources */ = {
			isa = PBXSourcesBuildPhase;
			buildActionMask = 2147483647;
			files = (
				43CD36921D980FEB004D4887 /* GuessTheNumberUITests.swift in Sources */,
			);
			runOnlyForDeploymentPostprocessing = 0;
		};
/* End PBXSourcesBuildPhase section */

/* Begin PBXTargetDependency section */
		43CD36841D980FEB004D4887 /* PBXTargetDependency */ = {
			isa = PBXTargetDependency;
			target = 43CD366D1D980FEB004D4887 /* GuessTheNumber */;
			targetProxy = 43CD36831D980FEB004D4887 /* PBXContainerItemProxy */;
		};
		43CD368F1D980FEB004D4887 /* PBXTargetDependency */ = {
			isa = PBXTargetDependency;
			target = 43CD366D1D980FEB004D4887 /* GuessTheNumber */;
			targetProxy = 43CD368E1D980FEB004D4887 /* PBXContainerItemProxy */;
		};
/* End PBXTargetDependency section */

/* Begin PBXVariantGroup section */
		43CD36751D980FEB004D4887 /* Main.storyboard */ = {
			isa = PBXVariantGroup;
			children = (
				43CD36761D980FEB004D4887 /* Base */,
			);
			name = Main.storyboard;
			sourceTree = "<group>";
		};
		43CD367A1D980FEB004D4887 /* LaunchScreen.storyboard */ = {
			isa = PBXVariantGroup;
			children = (
				43CD367B1D980FEB004D4887 /* Base */,
			);
			name = LaunchScreen.storyboard;
			sourceTree = "<group>";
		};
/* End PBXVariantGroup section */

/* Begin XCBuildConfiguration section */
		43CD36941D980FEB004D4887 /* Debug */ = {
			isa = XCBuildConfiguration;
			buildSettings = {
				ALWAYS_SEARCH_USER_PATHS = NO;
				CLANG_ANALYZER_NONNULL = YES;
				CLANG_CXX_LANGUAGE_STANDARD = "gnu++0x";
				CLANG_CXX_LIBRARY = "libc++";
				CLANG_ENABLE_MODULES = YES;
				CLANG_ENABLE_OBJC_ARC = YES;
				CLANG_WARN_BOOL_CONVERSION = YES;
				CLANG_WARN_CONSTANT_CONVERSION = YES;
				CLANG_WARN_DIRECT_OBJC_ISA_USAGE = YES_ERROR;
				CLANG_WARN_EMPTY_BODY = YES;
				CLANG_WARN_ENUM_CONVERSION = YES;
				CLANG_WARN_INT_CONVERSION = YES;
				CLANG_WARN_OBJC_ROOT_CLASS = YES_ERROR;
				CLANG_WARN_UNREACHABLE_CODE = YES;
				CLANG_WARN__DUPLICATE_METHOD_MATCH = YES;
				"CODE_SIGN_IDENTITY[sdk=iphoneos*]" = "iPhone Developer";
				COPY_PHASE_STRIP = NO;
				DEBUG_INFORMATION_FORMAT = dwarf;
				ENABLE_STRICT_OBJC_MSGSEND = YES;
				ENABLE_TESTABILITY = YES;
				GCC_C_LANGUAGE_STANDARD = gnu99;
				GCC_DYNAMIC_NO_PIC = NO;
				GCC_NO_COMMON_BLOCKS = YES;
				GCC_OPTIMIZATION_LEVEL = 0;
				GCC_PREPROCESSOR_DEFINITIONS = (
					"DEBUG=1",
					"$(inherited)",
				);
				GCC_WARN_64_TO_32_BIT_CONVERSION = YES;
				GCC_WARN_ABOUT_RETURN_TYPE = YES_ERROR;
				GCC_WARN_UNDECLARED_SELECTOR = YES;
				GCC_WARN_UNINITIALIZED_AUTOS = YES_AGGRESSIVE;
				GCC_WARN_UNUSED_FUNCTION = YES;
				GCC_WARN_UNUSED_VARIABLE = YES;
				IPHONEOS_DEPLOYMENT_TARGET = 9.3;
				MTL_ENABLE_DEBUG_INFO = YES;
				ONLY_ACTIVE_ARCH = YES;
				SDKROOT = iphoneos;
				SWIFT_OPTIMIZATION_LEVEL = "-Onone";
			};
			name = Debug;
		};
		43CD36951D980FEB004D4887 /* Release */ = {
			isa = XCBuildConfiguration;
			buildSettings = {
				ALWAYS_SEARCH_USER_PATHS = NO;
				CLANG_ANALYZER_NONNULL = YES;
				CLANG_CXX_LANGUAGE_STANDARD = "gnu++0x";
				CLANG_CXX_LIBRARY = "libc++";
				CLANG_ENABLE_MODULES = YES;
				CLANG_ENABLE_OBJC_ARC = YES;
				CLANG_WARN_BOOL_CONVERSION = YES;
				CLANG_WARN_CONSTANT_CONVERSION = YES;
				CLANG_WARN_DIRECT_OBJC_ISA_USAGE = YES_ERROR;
				CLANG_WARN_EMPTY_BODY = YES;
				CLANG_WARN_ENUM_CONVERSION = YES;
				CLANG_WARN_INT_CONVERSION = YES;
				CLANG_WARN_OBJC_ROOT_CLASS = YES_ERROR;
				CLANG_WARN_UNREACHABLE_CODE = YES;
				CLANG_WARN__DUPLICATE_METHOD_MATCH = YES;
				"CODE_SIGN_IDENTITY[sdk=iphoneos*]" = "iPhone Developer";
				COPY_PHASE_STRIP = NO;
				DEBUG_INFORMATION_FORMAT = "dwarf-with-dsym";
				ENABLE_NS_ASSERTIONS = NO;
				ENABLE_STRICT_OBJC_MSGSEND = YES;
				GCC_C_LANGUAGE_STANDARD = gnu99;
				GCC_NO_COMMON_BLOCKS = YES;
				GCC_WARN_64_TO_32_BIT_CONVERSION = YES;
				GCC_WARN_ABOUT_RETURN_TYPE = YES_ERROR;
				GCC_WARN_UNDECLARED_SELECTOR = YES;
				GCC_WARN_UNINITIALIZED_AUTOS = YES_AGGRESSIVE;
				GCC_WARN_UNUSED_FUNCTION = YES;
				GCC_WARN_UNUSED_VARIABLE = YES;
				IPHONEOS_DEPLOYMENT_TARGET = 9.3;
				MTL_ENABLE_DEBUG_INFO = NO;
				SDKROOT = iphoneos;
				VALIDATE_PRODUCT = YES;
			};
			name = Release;
		};
		43CD36971D980FEB004D4887 /* Debug */ = {
			isa = XCBuildConfiguration;
			buildSettings = {
				ASSETCATALOG_COMPILER_APPICON_NAME = AppIcon;
				INFOPLIST_FILE = GuessTheNumber/Info.plist;
				LD_RUNPATH_SEARCH_PATHS = "$(inherited) @executable_path/Frameworks";
				PRODUCT_BUNDLE_IDENTIFIER = dev.benjamin.GuessTheNumber;
				PRODUCT_NAME = "$(TARGET_NAME)";
			};
			name = Debug;
		};
		43CD36981D980FEB004D4887 /* Release */ = {
			isa = XCBuildConfiguration;
			buildSettings = {
				ASSETCATALOG_COMPILER_APPICON_NAME = AppIcon;
				INFOPLIST_FILE = GuessTheNumber/Info.plist;
				LD_RUNPATH_SEARCH_PATHS = "$(inherited) @executable_path/Frameworks";
				PRODUCT_BUNDLE_IDENTIFIER = dev.benjamin.GuessTheNumber;
				PRODUCT_NAME = "$(TARGET_NAME)";
			};
			name = Release;
		};
		43CD369A1D980FEB004D4887 /* Debug */ = {
			isa = XCBuildConfiguration;
			buildSettings = {
				BUNDLE_LOADER = "$(TEST_HOST)";
				INFOPLIST_FILE = GuessTheNumberTests/Info.plist;
				LD_RUNPATH_SEARCH_PATHS = "$(inherited) @executable_path/Frameworks @loader_path/Frameworks";
				PRODUCT_BUNDLE_IDENTIFIER = dev.benjamin.GuessTheNumberTests;
				PRODUCT_NAME = "$(TARGET_NAME)";
				TEST_HOST = "$(BUILT_PRODUCTS_DIR)/GuessTheNumber.app/GuessTheNumber";
			};
			name = Debug;
		};
		43CD369B1D980FEB004D4887 /* Release */ = {
			isa = XCBuildConfiguration;
			buildSettings = {
				BUNDLE_LOADER = "$(TEST_HOST)";
				INFOPLIST_FILE = GuessTheNumberTests/Info.plist;
				LD_RUNPATH_SEARCH_PATHS = "$(inherited) @executable_path/Frameworks @loader_path/Frameworks";
				PRODUCT_BUNDLE_IDENTIFIER = dev.benjamin.GuessTheNumberTests;
				PRODUCT_NAME = "$(TARGET_NAME)";
				TEST_HOST = "$(BUILT_PRODUCTS_DIR)/GuessTheNumber.app/GuessTheNumber";
			};
			name = Release;
		};
		43CD369D1D980FEB004D4887 /* Debug */ = {
			isa = XCBuildConfiguration;
			buildSettings = {
				INFOPLIST_FILE = GuessTheNumberUITests/Info.plist;
				LD_RUNPATH_SEARCH_PATHS = "$(inherited) @executable_path/Frameworks @loader_path/Frameworks";
				PRODUCT_BUNDLE_IDENTIFIER = dev.benjamin.GuessTheNumberUITests;
				PRODUCT_NAME = "$(TARGET_NAME)";
				TEST_TARGET_NAME = GuessTheNumber;
			};
			name = Debug;
		};
		43CD369E1D980FEB004D4887 /* Release */ = {
			isa = XCBuildConfiguration;
			buildSettings = {
				INFOPLIST_FILE = GuessTheNumberUITests/Info.plist;
				LD_RUNPATH_SEARCH_PATHS = "$(inherited) @executable_path/Frameworks @loader_path/Frameworks";
				PRODUCT_BUNDLE_IDENTIFIER = dev.benjamin.GuessTheNumberUITests;
				PRODUCT_NAME = "$(TARGET_NAME)";
				TEST_TARGET_NAME = GuessTheNumber;
			};
			name = Release;
		};
/* End XCBuildConfiguration section */

/* Begin XCConfigurationList section */
		43CD36691D980FEB004D4887 /* Build configuration list for PBXProject "GuessTheNumber" */ = {
			isa = XCConfigurationList;
			buildConfigurations = (
				43CD36941D980FEB004D4887 /* Debug */,
				43CD36951D980FEB004D4887 /* Release */,
			);
			defaultConfigurationIsVisible = 0;
			defaultConfigurationName = Release;
		};
		43CD36961D980FEB004D4887 /* Build configuration list for PBXNativeTarget "GuessTheNumber" */ = {
			isa = XCConfigurationList;
			buildConfigurations = (
				43CD36971D980FEB004D4887 /* Debug */,
				43CD36981D980FEB004D4887 /* Release */,
			);
			defaultConfigurationIsVisible = 0;
		};
		43CD36991D980FEB004D4887 /* Build configuration list for PBXNativeTarget "GuessTheNumberTests" */ = {
			isa = XCConfigurationList;
			buildConfigurations = (
				43CD369A1D980FEB004D4887 /* Debug */,
				43CD369B1D980FEB004D4887 /* Release */,
			);
			defaultConfigurationIsVisible = 0;
		};
		43CD369C1D980FEB004D4887 /* Build configuration list for PBXNativeTarget "GuessTheNumberUITests" */ = {
			isa = XCConfigurationList;
			buildConfigurations = (
				43CD369D1D980FEB004D4887 /* Debug */,
				43CD369E1D980FEB004D4887 /* Release */,
			);
			defaultConfigurationIsVisible = 0;
		};
/* End XCConfigurationList section */
	};
	rootObject = 43CD36661D980FEB004D4887 /* Project object */;
}
